
Microsoft Visual Studio Solution File, Format Version 12.00
# Visual Studio Version 17
VisualStudioVersion = 17.8.34511.84
MinimumVisualStudioVersion = 10.0.40219.1
Project("{888888A0-9F3D-457C-B088-3A5042F75D52}") = "BMIcalculator", "BMIcalculator.pyproj", "{C30E114D-68D5-45A1-A128-EE4F270662EC}"
EndProject
Global
	GlobalSection(SolutionConfigurationPlatforms) = preSolution
		Debug|Any CPU = Debug|Any CPU
		Release|Any CPU = Release|Any CPU
	EndGlobalSection
	GlobalSection(ProjectConfigurationPlatforms) = postSolution
		{C30E114D-68D5-45A1-A128-EE4F270662EC}.Debug|Any CPU.ActiveCfg = Debug|Any CPU
		{C30E114D-68D5-45A1-A128-EE4F270662EC}.Release|Any CPU.ActiveCfg = Release|Any CPU
	EndGlobalSection
	GlobalSection(SolutionProperties) = preSolution
		HideSolutionNode = FALSE
	EndGlobalSection
	GlobalSection(ExtensibilityGlobals) = postSolution
		SolutionGuid = {63B01C1F-582F-4E94-AA84-CDF0C54F8FAC}
	EndGlobalSection
EndGlobal
