
Microsoft Visual Studio Solution File, Format Version 12.00
# Visual Studio Version 17
VisualStudioVersion = 17.8.34511.84
MinimumVisualStudioVersion = 10.0.40219.1
Project("{888888A0-9F3D-457C-B088-3A5042F75D52}") = "ColorForm5", "ColorForm5.pyproj", "{7C46F5E3-F380-4900-8C35-BAD150FA6504}"
EndProject
Global
	GlobalSection(SolutionConfigurationPlatforms) = preSolution
		Debug|Any CPU = Debug|Any CPU
		Release|Any CPU = Release|Any CPU
	EndGlobalSection
	GlobalSection(ProjectConfigurationPlatforms) = postSolution
		{7C46F5E3-F380-4900-8C35-BAD150FA6504}.Debug|Any CPU.ActiveCfg = Debug|Any CPU
		{7C46F5E3-F380-4900-8C35-BAD150FA6504}.Release|Any CPU.ActiveCfg = Release|Any CPU
	EndGlobalSection
	GlobalSection(SolutionProperties) = preSolution
		HideSolutionNode = FALSE
	EndGlobalSection
	GlobalSection(ExtensibilityGlobals) = postSolution
		SolutionGuid = {6C3DEB72-434A-4067-8B77-B55100FD2E64}
	EndGlobalSection
EndGlobal
