
Microsoft Visual Studio Solution File, Format Version 12.00
# Visual Studio Version 17
VisualStudioVersion = 17.8.34511.84
MinimumVisualStudioVersion = 10.0.40219.1
Project("{888888A0-9F3D-457C-B088-3A5042F75D52}") = "ColorForm7", "ColorForm7.pyproj", "{02A8C833-FB04-4AB3-BA56-0E8A5E6B9532}"
EndProject
Global
	GlobalSection(SolutionConfigurationPlatforms) = preSolution
		Debug|Any CPU = Debug|Any CPU
		Release|Any CPU = Release|Any CPU
	EndGlobalSection
	GlobalSection(ProjectConfigurationPlatforms) = postSolution
		{02A8C833-FB04-4AB3-BA56-0E8A5E6B9532}.Debug|Any CPU.ActiveCfg = Debug|Any CPU
		{02A8C833-FB04-4AB3-BA56-0E8A5E6B9532}.Release|Any CPU.ActiveCfg = Release|Any CPU
	EndGlobalSection
	GlobalSection(SolutionProperties) = preSolution
		HideSolutionNode = FALSE
	EndGlobalSection
	GlobalSection(ExtensibilityGlobals) = postSolution
		SolutionGuid = {0022337F-2F0C-4935-8F82-0044186FCF69}
	EndGlobalSection
EndGlobal
