
Microsoft Visual Studio Solution File, Format Version 12.00
# Visual Studio Version 17
VisualStudioVersion = 17.8.34511.84
MinimumVisualStudioVersion = 10.0.40219.1
Project("{888888A0-9F3D-457C-B088-3A5042F75D52}") = "ColorForm3", "ColorForm3.pyproj", "{C6639823-DE3F-4A46-B906-DB4483AA8202}"
EndProject
Global
	GlobalSection(SolutionConfigurationPlatforms) = preSolution
		Debug|Any CPU = Debug|Any CPU
		Release|Any CPU = Release|Any CPU
	EndGlobalSection
	GlobalSection(ProjectConfigurationPlatforms) = postSolution
		{C6639823-DE3F-4A46-B906-DB4483AA8202}.Debug|Any CPU.ActiveCfg = Debug|Any CPU
		{C6639823-DE3F-4A46-B906-DB4483AA8202}.Release|Any CPU.ActiveCfg = Release|Any CPU
	EndGlobalSection
	GlobalSection(SolutionProperties) = preSolution
		HideSolutionNode = FALSE
	EndGlobalSection
	GlobalSection(ExtensibilityGlobals) = postSolution
		SolutionGuid = {96C63D17-016C-42FC-A390-421CC8FE4E87}
	EndGlobalSection
EndGlobal
